
Microsoft Visual Studio Solution File, Format Version 12.00
# Visual Studio Version 17
VisualStudioVersion = 17.14.36121.58 d17.14
MinimumVisualStudioVersion = 10.0.40219.1
Project("{FAE04EC0-301F-11D3-BF4B-00C04F79EFBC}") = "ParkingReservation.Domain", "ParkingReservation.Domain\ParkingReservation.Domain.csproj", "{1BE09572-E667-45C1-B056-66608863A908}"
EndProject
Project("{FAE04EC0-301F-11D3-BF4B-00C04F79EFBC}") = "ParkingReservation.Infrastructure", "ParkingReservation.Infrastructure\ParkingReservation.Infrastructure.csproj", "{7503AA2E-55EC-40B2-826F-1EED0F6A97F4}"
EndProject
Project("{FAE04EC0-301F-11D3-BF4B-00C04F79EFBC}") = "ParkingReservation.Application", "ParkingReservation.Application\ParkingReservation.Application.csproj", "{FBD161DF-F3A4-4FF1-ABC8-FC680410E79D}"
EndProject
Project("{FAE04EC0-301F-11D3-BF4B-00C04F79EFBC}") = "ParkingReservation.Domain.Tests", "ParkingReservation.Domain.Tests\ParkingReservation.Domain.Tests.csproj", "{441542EC-1206-483E-ACF4-436EC615CCF3}"
EndProject
Project("{FAE04EC0-301F-11D3-BF4B-00C04F79EFBC}") = "ParkingReservation.WebApi", "ParkingReservation.WebApi\ParkingReservation.WebApi.csproj", "{22035C25-5481-4F2F-818E-980CCBA2F3E4}"
EndProject
Global
	GlobalSection(SolutionConfigurationPlatforms) = preSolution
		Debug|Any CPU = Debug|Any CPU
		Release|Any CPU = Release|Any CPU
	EndGlobalSection
	GlobalSection(ProjectConfigurationPlatforms) = postSolution
		{1BE09572-E667-45C1-B056-66608863A908}.Debug|Any CPU.ActiveCfg = Debug|Any CPU
		{1BE09572-E667-45C1-B056-66608863A908}.Debug|Any CPU.Build.0 = Debug|Any CPU
		{1BE09572-E667-45C1-B056-66608863A908}.Release|Any CPU.ActiveCfg = Release|Any CPU
		{1BE09572-E667-45C1-B056-66608863A908}.Release|Any CPU.Build.0 = Release|Any CPU
		{7503AA2E-55EC-40B2-826F-1EED0F6A97F4}.Debug|Any CPU.ActiveCfg = Debug|Any CPU
		{7503AA2E-55EC-40B2-826F-1EED0F6A97F4}.Debug|Any CPU.Build.0 = Debug|Any CPU
		{7503AA2E-55EC-40B2-826F-1EED0F6A97F4}.Release|Any CPU.ActiveCfg = Release|Any CPU
		{7503AA2E-55EC-40B2-826F-1EED0F6A97F4}.Release|Any CPU.Build.0 = Release|Any CPU
		{FBD161DF-F3A4-4FF1-ABC8-FC680410E79D}.Debug|Any CPU.ActiveCfg = Debug|Any CPU
		{FBD161DF-F3A4-4FF1-ABC8-FC680410E79D}.Debug|Any CPU.Build.0 = Debug|Any CPU
		{FBD161DF-F3A4-4FF1-ABC8-FC680410E79D}.Release|Any CPU.ActiveCfg = Release|Any CPU
		{FBD161DF-F3A4-4FF1-ABC8-FC680410E79D}.Release|Any CPU.Build.0 = Release|Any CPU
		{441542EC-1206-483E-ACF4-436EC615CCF3}.Debug|Any CPU.ActiveCfg = Debug|Any CPU
		{441542EC-1206-483E-ACF4-436EC615CCF3}.Debug|Any CPU.Build.0 = Debug|Any CPU
		{441542EC-1206-483E-ACF4-436EC615CCF3}.Release|Any CPU.ActiveCfg = Release|Any CPU
		{441542EC-1206-483E-ACF4-436EC615CCF3}.Release|Any CPU.Build.0 = Release|Any CPU
		{22035C25-5481-4F2F-818E-980CCBA2F3E4}.Debug|Any CPU.ActiveCfg = Debug|Any CPU
		{22035C25-5481-4F2F-818E-980CCBA2F3E4}.Debug|Any CPU.Build.0 = Debug|Any CPU
		{22035C25-5481-4F2F-818E-980CCBA2F3E4}.Release|Any CPU.ActiveCfg = Release|Any CPU
		{22035C25-5481-4F2F-818E-980CCBA2F3E4}.Release|Any CPU.Build.0 = Release|Any CPU
	EndGlobalSection
	GlobalSection(SolutionProperties) = preSolution
		HideSolutionNode = FALSE
	EndGlobalSection
	GlobalSection(ExtensibilityGlobals) = postSolution
		SolutionGuid = {66DEF1F2-D2D9-49F6-86F0-326D669CE72C}
	EndGlobalSection
EndGlobal
